// !$*UTF8*$!
{
	archiveVersion = 1;
	classes = {
	};
	objectVersion = 56;
	objects = {

/* Begin PBXBuildFile section */
		818A3B0E77B2509B2F056B1E /* Pods_OpenTok.framework in Frameworks */ = {isa = PBXBuildFile; fileRef = A3180596BF5C3A1A5F8E572E /* Pods_OpenTok.framework */; };
		985631D82A15300700CF0675 /* Videos.swift in Sources */ = {isa = PBXBuildFile; fileRef = 985631D72A15300700CF0675 /* Videos.swift */; };
		988E74042A09A04400052F8C /* OpenTokApp.swift in Sources */ = {isa = PBXBuildFile; fileRef = 988E74032A09A04400052F8C /* OpenTokApp.swift */; };
		988E74062A09A04400052F8C /* ContentView.swift in Sources */ = {isa = PBXBuildFile; fileRef = 988E74052A09A04400052F8C /* ContentView.swift */; };
		988E74082A09A04600052F8C /* Assets.xcassets in Resources */ = {isa = PBXBuildFile; fileRef = 988E74072A09A04600052F8C /* Assets.xcassets */; };
		988E740B2A09A04600052F8C /* Preview Assets.xcassets in Resources */ = {isa = PBXBuildFile; fileRef = 988E740A2A09A04600052F8C /* Preview Assets.xcassets */; };
		98960C7A2A0A0C2B00839B37 /* GoogleService-Info.plist in Resources */ = {isa = PBXBuildFile; fileRef = 98960C792A0A0C2A00839B37 /* GoogleService-Info.plist */; };
		98960C7C2A0A1A6B00839B37 /* UploadView.swift in Sources */ = {isa = PBXBuildFile; fileRef = 98960C7B2A0A1A6B00839B37 /* UploadView.swift */; };
		98960C7E2A0B048D00839B37 /* PlayerView.swift in Sources */ = {isa = PBXBuildFile; fileRef = 98960C7D2A0B048D00839B37 /* PlayerView.swift */; };
/* End PBXBuildFile section */

/* Begin PBXFileReference section */
		7F0D772A4917102CFDAF58DD /* Pods-OpenTok.debug.xcconfig */ = {isa = PBXFileReference; includeInIndex = 1; lastKnownFileType = text.xcconfig; name = "Pods-OpenTok.debug.xcconfig"; path = "Target Support Files/Pods-OpenTok/Pods-OpenTok.debug.xcconfig"; sourceTree = "<group>"; };
		985631D72A15300700CF0675 /* Videos.swift */ = {isa = PBXFileReference; lastKnownFileType = sourcecode.swift; path = Videos.swift; sourceTree = "<group>"; };
		988E74002A09A04400052F8C /* OpenTok.app */ = {isa = PBXFileReference; explicitFileType = wrapper.application; includeInIndex = 0; path = OpenTok.app; sourceTree = BUILT_PRODUCTS_DIR; };
		988E74032A09A04400052F8C /* OpenTokApp.swift */ = {isa = PBXFileReference; lastKnownFileType = sourcecode.swift; path = OpenTokApp.swift; sourceTree = "<group>"; };
		988E74052A09A04400052F8C /* ContentView.swift */ = {isa = PBXFileReference; lastKnownFileType = sourcecode.swift; path = ContentView.swift; sourceTree = "<group>"; };
		988E74072A09A04600052F8C /* Assets.xcassets */ = {isa = PBXFileReference; lastKnownFileType = folder.assetcatalog; path = Assets.xcassets; sourceTree = "<group>"; };
		988E740A2A09A04600052F8C /* Preview Assets.xcassets */ = {isa = PBXFileReference; lastKnownFileType = folder.assetcatalog; path = "Preview Assets.xcassets"; sourceTree = "<group>"; };
		98960C792A0A0C2A00839B37 /* GoogleService-Info.plist */ = {isa = PBXFileReference; fileEncoding = 4; lastKnownFileType = text.plist.xml; name = "GoogleService-Info.plist"; path = "../../../../Downloads/GoogleService-Info.plist"; sourceTree = "<group>"; };
		98960C7B2A0A1A6B00839B37 /* UploadView.swift */ = {isa = PBXFileReference; lastKnownFileType = sourcecode.swift; path = UploadView.swift; sourceTree = "<group>"; };
		98960C7D2A0B048D00839B37 /* PlayerView.swift */ = {isa = PBXFileReference; lastKnownFileType = sourcecode.swift; path = PlayerView.swift; sourceTree = "<group>"; };
		A3180596BF5C3A1A5F8E572E /* Pods_OpenTok.framework */ = {isa = PBXFileReference; explicitFileType = wrapper.framework; includeInIndex = 0; path = Pods_OpenTok.framework; sourceTree = BUILT_PRODUCTS_DIR; };
		FCDAE8791BA72D31181B8924 /* Pods-OpenTok.release.xcconfig */ = {isa = PBXFileReference; includeInIndex = 1; lastKnownFileType = text.xcconfig; name = "Pods-OpenTok.release.xcconfig"; path = "Target Support Files/Pods-OpenTok/Pods-OpenTok.release.xcconfig"; sourceTree = "<group>"; };
/* End PBXFileReference section */

/* Begin PBXFrameworksBuildPhase section */
		988E73FD2A09A04400052F8C /* Frameworks */ = {
			isa = PBXFrameworksBuildPhase;
			buildActionMask = 2147483647;
			files = (
				818A3B0E77B2509B2F056B1E /* Pods_OpenTok.framework in Frameworks */,
			);
			runOnlyForDeploymentPostprocessing = 0;
		};
/* End PBXFrameworksBuildPhase section */

/* Begin PBXGroup section */
		43ED6DFE453262B54364D620 /* Pods */ = {
			isa = PBXGroup;
			children = (
				7F0D772A4917102CFDAF58DD /* Pods-OpenTok.debug.xcconfig */,
				FCDAE8791BA72D31181B8924 /* Pods-OpenTok.release.xcconfig */,
			);
			path = Pods;
			sourceTree = "<group>";
		};
		8290B878CF333C48BC7B5760 /* Frameworks */ = {
			isa = PBXGroup;
			children = (
				A3180596BF5C3A1A5F8E572E /* Pods_OpenTok.framework */,
			);
			name = Frameworks;
			sourceTree = "<group>";
		};
		988E73F72A09A04400052F8C = {
			isa = PBXGroup;
			children = (
				98960C792A0A0C2A00839B37 /* GoogleService-Info.plist */,
				988E74022A09A04400052F8C /* OpenTok */,
				988E74012A09A04400052F8C /* Products */,
				43ED6DFE453262B54364D620 /* Pods */,
				8290B878CF333C48BC7B5760 /* Frameworks */,
			);
			sourceTree = "<group>";
		};
		988E74012A09A04400052F8C /* Products */ = {
			isa = PBXGroup;
			children = (
				988E74002A09A04400052F8C /* OpenTok.app */,
			);
			name = Products;
			sourceTree = "<group>";
		};
		988E74022A09A04400052F8C /* OpenTok */ = {
			isa = PBXGroup;
			children = (
				988E74032A09A04400052F8C /* OpenTokApp.swift */,
				988E74052A09A04400052F8C /* ContentView.swift */,
				988E74072A09A04600052F8C /* Assets.xcassets */,
				988E74092A09A04600052F8C /* Preview Content */,
				98960C7B2A0A1A6B00839B37 /* UploadView.swift */,
				98960C7D2A0B048D00839B37 /* PlayerView.swift */,
				985631D72A15300700CF0675 /* Videos.swift */,
			);
			path = OpenTok;
			sourceTree = "<group>";
		};
		988E74092A09A04600052F8C /* Preview Content */ = {
			isa = PBXGroup;
			children = (
				988E740A2A09A04600052F8C /* Preview Assets.xcassets */,
			);
			path = "Preview Content";
			sourceTree = "<group>";
		};
/* End PBXGroup section */

/* Begin PBXNativeTarget section */
		988E73FF2A09A04400052F8C /* OpenTok */ = {
			isa = PBXNativeTarget;
			buildConfigurationList = 988E740E2A09A04600052F8C /* Build configuration list for PBXNativeTarget "OpenTok" */;
			buildPhases = (
				4104E10231B9760468A6EBD2 /* [CP] Check Pods Manifest.lock */,
				988E73FC2A09A04400052F8C /* Sources */,
				988E73FD2A09A04400052F8C /* Frameworks */,
				988E73FE2A09A04400052F8C /* Resources */,
				6DC8FA0B13CA39BFE3926547 /* [CP] Embed Pods Frameworks */,
			);
			buildRules = (
			);
			dependencies = (
			);
			name = OpenTok;
			productName = OpenTok;
			productReference = 988E74002A09A04400052F8C /* OpenTok.app */;
			productType = "com.apple.product-type.application";
		};
/* End PBXNativeTarget section */

/* Begin PBXProject section */
		988E73F82A09A04400052F8C /* Project object */ = {
			isa = PBXProject;
			attributes = {
				BuildIndependentTargetsInParallel = 1;
				LastSwiftUpdateCheck = 1420;
				LastUpgradeCheck = 1420;
				TargetAttributes = {
					988E73FF2A09A04400052F8C = {
						CreatedOnToolsVersion = 14.2;
					};
				};
			};
			buildConfigurationList = 988E73FB2A09A04400052F8C /* Build configuration list for PBXProject "OpenTok" */;
			compatibilityVersion = "Xcode 14.0";
			developmentRegion = en;
			hasScannedForEncodings = 0;
			knownRegions = (
				en,
				Base,
			);
			mainGroup = 988E73F72A09A04400052F8C;
			packageReferences = (
				988E74112A09A49400052F8C /* XCRemoteSwiftPackageReference "firebase-ios-sdk" */,
			);
			productRefGroup = 988E74012A09A04400052F8C /* Products */;
			projectDirPath = "";
			projectRoot = "";
			targets = (
				988E73FF2A09A04400052F8C /* OpenTok */,
			);
		};
/* End PBXProject section */

/* Begin PBXResourcesBuildPhase section */
		988E73FE2A09A04400052F8C /* Resources */ = {
			isa = PBXResourcesBuildPhase;
			buildActionMask = 2147483647;
			files = (
				988E740B2A09A04600052F8C /* Preview Assets.xcassets in Resources */,
				988E74082A09A04600052F8C /* Assets.xcassets in Resources */,
				98960C7A2A0A0C2B00839B37 /* GoogleService-Info.plist in Resources */,
			);
			runOnlyForDeploymentPostprocessing = 0;
		};
/* End PBXResourcesBuildPhase section */

/* Begin PBXShellScriptBuildPhase section */
		4104E10231B9760468A6EBD2 /* [CP] Check Pods Manifest.lock */ = {
			isa = PBXShellScriptBuildPhase;
			buildActionMask = 2147483647;
			files = (
			);
			inputFileListPaths = (
			);
			inputPaths = (
				"${PODS_PODFILE_DIR_PATH}/Podfile.lock",
				"${PODS_ROOT}/Manifest.lock",
			);
			name = "[CP] Check Pods Manifest.lock";
			outputFileListPaths = (
			);
			outputPaths = (
				"$(DERIVED_FILE_DIR)/Pods-OpenTok-checkManifestLockResult.txt",
			);
			runOnlyForDeploymentPostprocessing = 0;
			shellPath = /bin/sh;
			shellScript = "diff \"${PODS_PODFILE_DIR_PATH}/Podfile.lock\" \"${PODS_ROOT}/Manifest.lock\" > /dev/null\nif [ $? != 0 ] ; then\n    # print error to STDERR\n    echo \"error: The sandbox is not in sync with the Podfile.lock. Run 'pod install' or update your CocoaPods installation.\" >&2\n    exit 1\nfi\n# This output is used by Xcode 'outputs' to avoid re-running this script phase.\necho \"SUCCESS\" > \"${SCRIPT_OUTPUT_FILE_0}\"\n";
			showEnvVarsInLog = 0;
		};
		6DC8FA0B13CA39BFE3926547 /* [CP] Embed Pods Frameworks */ = {
			isa = PBXShellScriptBuildPhase;
			buildActionMask = 2147483647;
			files = (
			);
			inputFileListPaths = (
				"${PODS_ROOT}/Target Support Files/Pods-OpenTok/Pods-OpenTok-frameworks-${CONFIGURATION}-input-files.xcfilelist",
			);
			name = "[CP] Embed Pods Frameworks";
			outputFileListPaths = (
				"${PODS_ROOT}/Target Support Files/Pods-OpenTok/Pods-OpenTok-frameworks-${CONFIGURATION}-output-files.xcfilelist",
			);
			runOnlyForDeploymentPostprocessing = 0;
			shellPath = /bin/sh;
			shellScript = "\"${PODS_ROOT}/Target Support Files/Pods-OpenTok/Pods-OpenTok-frameworks.sh\"\n";
			showEnvVarsInLog = 0;
		};
/* End PBXShellScriptBuildPhase section */

/* Begin PBXSourcesBuildPhase section */
		988E73FC2A09A04400052F8C /* Sources */ = {
			isa = PBXSourcesBuildPhase;
			buildActionMask = 2147483647;
			files = (
				98960C7C2A0A1A6B00839B37 /* UploadView.swift in Sources */,
				988E74062A09A04400052F8C /* ContentView.swift in Sources */,
				988E74042A09A04400052F8C /* OpenTokApp.swift in Sources */,
				985631D82A15300700CF0675 /* Videos.swift in Sources */,
				98960C7E2A0B048D00839B37 /* PlayerView.swift in Sources */,
			);
			runOnlyForDeploymentPostprocessing = 0;
		};
/* End PBXSourcesBuildPhase section */

/* Begin XCBuildConfiguration section */
		988E740C2A09A04600052F8C /* Debug */ = {
			isa = XCBuildConfiguration;
			buildSettings = {
				ALWAYS_SEARCH_USER_PATHS = NO;
				CLANG_ANALYZER_NONNULL = YES;
				CLANG_ANALYZER_NUMBER_OBJECT_CONVERSION = YES_AGGRESSIVE;
				CLANG_CXX_LANGUAGE_STANDARD = "gnu++20";
				CLANG_ENABLE_MODULES = YES;
				CLANG_ENABLE_OBJC_ARC = YES;
				CLANG_ENABLE_OBJC_WEAK = YES;
				CLANG_WARN_BLOCK_CAPTURE_AUTORELEASING = YES;
				CLANG_WARN_BOOL_CONVERSION = YES;
				CLANG_WARN_COMMA = YES;
				CLANG_WARN_CONSTANT_CONVERSION = YES;
				CLANG_WARN_DEPRECATED_OBJC_IMPLEMENTATIONS = YES;
				CLANG_WARN_DIRECT_OBJC_ISA_USAGE = YES_ERROR;
				CLANG_WARN_DOCUMENTATION_COMMENTS = YES;
				CLANG_WARN_EMPTY_BODY = YES;
				CLANG_WARN_ENUM_CONVERSION = YES;
				CLANG_WARN_INFINITE_RECURSION = YES;
				CLANG_WARN_INT_CONVERSION = YES;
				CLANG_WARN_NON_LITERAL_NULL_CONVERSION = YES;
				CLANG_WARN_OBJC_IMPLICIT_RETAIN_SELF = YES;
				CLANG_WARN_OBJC_LITERAL_CONVERSION = YES;
				CLANG_WARN_OBJC_ROOT_CLASS = YES_ERROR;
				CLANG_WARN_QUOTED_INCLUDE_IN_FRAMEWORK_HEADER = YES;
				CLANG_WARN_RANGE_LOOP_ANALYSIS = YES;
				CLANG_WARN_STRICT_PROTOTYPES = YES;
				CLANG_WARN_SUSPICIOUS_MOVE = YES;
				CLANG_WARN_UNGUARDED_AVAILABILITY = YES_AGGRESSIVE;
				CLANG_WARN_UNREACHABLE_CODE = YES;
				CLANG_WARN__DUPLICATE_METHOD_MATCH = YES;
				COPY_PHASE_STRIP = NO;
				DEBUG_INFORMATION_FORMAT = dwarf;
				ENABLE_STRICT_OBJC_MSGSEND = YES;
				ENABLE_TESTABILITY = YES;
				GCC_C_LANGUAGE_STANDARD = gnu11;
				GCC_DYNAMIC_NO_PIC = NO;
				GCC_NO_COMMON_BLOCKS = YES;
				GCC_OPTIMIZATION_LEVEL = 0;
				GCC_PREPROCESSOR_DEFINITIONS = (
					"DEBUG=1",
					"$(inherited)",
				);
				GCC_WARN_64_TO_32_BIT_CONVERSION = YES;
				GCC_WARN_ABOUT_RETURN_TYPE = YES_ERROR;
				GCC_WARN_UNDECLARED_SELECTOR = YES;
				GCC_WARN_UNINITIALIZED_AUTOS = YES_AGGRESSIVE;
				GCC_WARN_UNUSED_FUNCTION = YES;
				GCC_WARN_UNUSED_VARIABLE = YES;
				IPHONEOS_DEPLOYMENT_TARGET = 16.2;
				MTL_ENABLE_DEBUG_INFO = INCLUDE_SOURCE;
				MTL_FAST_MATH = YES;
				ONLY_ACTIVE_ARCH = YES;
				SDKROOT = iphoneos;
				SWIFT_ACTIVE_COMPILATION_CONDITIONS = DEBUG;
				SWIFT_OPTIMIZATION_LEVEL = "-Onone";
			};
			name = Debug;
		};
		988E740D2A09A04600052F8C /* Release */ = {
			isa = XCBuildConfiguration;
			buildSettings = {
				ALWAYS_SEARCH_USER_PATHS = NO;
				CLANG_ANALYZER_NONNULL = YES;
				CLANG_ANALYZER_NUMBER_OBJECT_CONVERSION = YES_AGGRESSIVE;
				CLANG_CXX_LANGUAGE_STANDARD = "gnu++20";
				CLANG_ENABLE_MODULES = YES;
				CLANG_ENABLE_OBJC_ARC = YES;
				CLANG_ENABLE_OBJC_WEAK = YES;
				CLANG_WARN_BLOCK_CAPTURE_AUTORELEASING = YES;
				CLANG_WARN_BOOL_CONVERSION = YES;
				CLANG_WARN_COMMA = YES;
				CLANG_WARN_CONSTANT_CONVERSION = YES;
				CLANG_WARN_DEPRECATED_OBJC_IMPLEMENTATIONS = YES;
				CLANG_WARN_DIRECT_OBJC_ISA_USAGE = YES_ERROR;
				CLANG_WARN_DOCUMENTATION_COMMENTS = YES;
				CLANG_WARN_EMPTY_BODY = YES;
				CLANG_WARN_ENUM_CONVERSION = YES;
				CLANG_WARN_INFINITE_RECURSION = YES;
				CLANG_WARN_INT_CONVERSION = YES;
				CLANG_WARN_NON_LITERAL_NULL_CONVERSION = YES;
				CLANG_WARN_OBJC_IMPLICIT_RETAIN_SELF = YES;
				CLANG_WARN_OBJC_LITERAL_CONVERSION = YES;
				CLANG_WARN_OBJC_ROOT_CLASS = YES_ERROR;
				CLANG_WARN_QUOTED_INCLUDE_IN_FRAMEWORK_HEADER = YES;
				CLANG_WARN_RANGE_LOOP_ANALYSIS = YES;
				CLANG_WARN_STRICT_PROTOTYPES = YES;
				CLANG_WARN_SUSPICIOUS_MOVE = YES;
				CLANG_WARN_UNGUARDED_AVAILABILITY = YES_AGGRESSIVE;
				CLANG_WARN_UNREACHABLE_CODE = YES;
				CLANG_WARN__DUPLICATE_METHOD_MATCH = YES;
				COPY_PHASE_STRIP = NO;
				DEBUG_INFORMATION_FORMAT = "dwarf-with-dsym";
				ENABLE_NS_ASSERTIONS = NO;
				ENABLE_STRICT_OBJC_MSGSEND = YES;
				GCC_C_LANGUAGE_STANDARD = gnu11;
				GCC_NO_COMMON_BLOCKS = YES;
				GCC_WARN_64_TO_32_BIT_CONVERSION = YES;
				GCC_WARN_ABOUT_RETURN_TYPE = YES_ERROR;
				GCC_WARN_UNDECLARED_SELECTOR = YES;
				GCC_WARN_UNINITIALIZED_AUTOS = YES_AGGRESSIVE;
				GCC_WARN_UNUSED_FUNCTION = YES;
				GCC_WARN_UNUSED_VARIABLE = YES;
				IPHONEOS_DEPLOYMENT_TARGET = 16.2;
				MTL_ENABLE_DEBUG_INFO = NO;
				MTL_FAST_MATH = YES;
				SDKROOT = iphoneos;
				SWIFT_COMPILATION_MODE = wholemodule;
				SWIFT_OPTIMIZATION_LEVEL = "-O";
				VALIDATE_PRODUCT = YES;
			};
			name = Release;
		};
		988E740F2A09A04600052F8C /* Debug */ = {
			isa = XCBuildConfiguration;
			baseConfigurationReference = 7F0D772A4917102CFDAF58DD /* Pods-OpenTok.debug.xcconfig */;
			buildSettings = {
				ASSETCATALOG_COMPILER_APPICON_NAME = AppIcon;
				ASSETCATALOG_COMPILER_GLOBAL_ACCENT_COLOR_NAME = AccentColor;
				CODE_SIGN_STYLE = Automatic;
				CURRENT_PROJECT_VERSION = 1;
				DEVELOPMENT_ASSET_PATHS = "\"OpenTok/Preview Content\"";
				ENABLE_PREVIEWS = YES;
				GENERATE_INFOPLIST_FILE = YES;
				INFOPLIST_KEY_UIApplicationSceneManifest_Generation = YES;
				INFOPLIST_KEY_UIApplicationSupportsIndirectInputEvents = YES;
				INFOPLIST_KEY_UILaunchScreen_Generation = YES;
				INFOPLIST_KEY_UISupportedInterfaceOrientations_iPad = "UIInterfaceOrientationPortrait UIInterfaceOrientationPortraitUpsideDown UIInterfaceOrientationLandscapeLeft UIInterfaceOrientationLandscapeRight";
				INFOPLIST_KEY_UISupportedInterfaceOrientations_iPhone = "UIInterfaceOrientationPortrait UIInterfaceOrientationLandscapeLeft UIInterfaceOrientationLandscapeRight";
				LD_RUNPATH_SEARCH_PATHS = (
					"$(inherited)",
					"@executable_path/Frameworks",
				);
				MARKETING_VERSION = 1.0;
				PRODUCT_BUNDLE_IDENTIFIER = edu.maryland.cmsc436.spring2023.OpenTok;
				PRODUCT_NAME = "$(TARGET_NAME)";
				SWIFT_EMIT_LOC_STRINGS = YES;
				SWIFT_VERSION = 5.0;
				TARGETED_DEVICE_FAMILY = "1,2";
			};
			name = Debug;
		};
		988E74102A09A04600052F8C /* Release */ = {
			isa = XCBuildConfiguration;
			baseConfigurationReference = FCDAE8791BA72D31181B8924 /* Pods-OpenTok.release.xcconfig */;
			buildSettings = {
				ASSETCATALOG_COMPILER_APPICON_NAME = AppIcon;
				ASSETCATALOG_COMPILER_GLOBAL_ACCENT_COLOR_NAME = AccentColor;
				CODE_SIGN_STYLE = Automatic;
				CURRENT_PROJECT_VERSION = 1;
				DEVELOPMENT_ASSET_PATHS = "\"OpenTok/Preview Content\"";
				ENABLE_PREVIEWS = YES;
				GENERATE_INFOPLIST_FILE = YES;
				INFOPLIST_KEY_UIApplicationSceneManifest_Generation = YES;
				INFOPLIST_KEY_UIApplicationSupportsIndirectInputEvents = YES;
				INFOPLIST_KEY_UILaunchScreen_Generation = YES;
				INFOPLIST_KEY_UISupportedInterfaceOrientations_iPad = "UIInterfaceOrientationPortrait UIInterfaceOrientationPortraitUpsideDown UIInterfaceOrientationLandscapeLeft UIInterfaceOrientationLandscapeRight";
				INFOPLIST_KEY_UISupportedInterfaceOrientations_iPhone = "UIInterfaceOrientationPortrait UIInterfaceOrientationLandscapeLeft UIInterfaceOrientationLandscapeRight";
				LD_RUNPATH_SEARCH_PATHS = (
					"$(inherited)",
					"@executable_path/Frameworks",
				);
				MARKETING_VERSION = 1.0;
				PRODUCT_BUNDLE_IDENTIFIER = edu.maryland.cmsc436.spring2023.OpenTok;
				PRODUCT_NAME = "$(TARGET_NAME)";
				SWIFT_EMIT_LOC_STRINGS = YES;
				SWIFT_VERSION = 5.0;
				TARGETED_DEVICE_FAMILY = "1,2";
			};
			name = Release;
		};
/* End XCBuildConfiguration section */

/* Begin XCConfigurationList section */
		988E73FB2A09A04400052F8C /* Build configuration list for PBXProject "OpenTok" */ = {
			isa = XCConfigurationList;
			buildConfigurations = (
				988E740C2A09A04600052F8C /* Debug */,
				988E740D2A09A04600052F8C /* Release */,
			);
			defaultConfigurationIsVisible = 0;
			defaultConfigurationName = Release;
		};
		988E740E2A09A04600052F8C /* Build configuration list for PBXNativeTarget "OpenTok" */ = {
			isa = XCConfigurationList;
			buildConfigurations = (
				988E740F2A09A04600052F8C /* Debug */,
				988E74102A09A04600052F8C /* Release */,
			);
			defaultConfigurationIsVisible = 0;
			defaultConfigurationName = Release;
		};
/* End XCConfigurationList section */

/* Begin XCRemoteSwiftPackageReference section */
		988E74112A09A49400052F8C /* XCRemoteSwiftPackageReference "firebase-ios-sdk" */ = {
			isa = XCRemoteSwiftPackageReference;
			repositoryURL = "https://github.com/firebase/firebase-ios-sdk";
			requirement = {
				kind = upToNextMajorVersion;
				minimumVersion = 9.0.0;
			};
		};
/* End XCRemoteSwiftPackageReference section */
	};
	rootObject = 988E73F82A09A04400052F8C /* Project object */;
}
