// !$*UTF8*$!
{
	archiveVersion = 1;
	classes = {
	};
	objectVersion = 56;
	objects = {

/* Begin PBXBuildFile section */
		9807F5642A038BD700F3B53C /* Random.swift in Sources */ = {isa = PBXBuildFile; fileRef = 9807F5632A038BD700F3B53C /* Random.swift */; };
		988E73F62A091CBB00052F8C /* Scores.swift in Sources */ = {isa = PBXBuildFile; fileRef = 988E73F52A091CBB00052F8C /* Scores.swift */; };
		98960C822A0B19F800839B37 /* BoardView.swift in Sources */ = {isa = PBXBuildFile; fileRef = 98960C812A0B19F800839B37 /* BoardView.swift */; };
		98E1E03229CD112F00544543 /* assign1App.swift in Sources */ = {isa = PBXBuildFile; fileRef = 98E1E03129CD112F00544543 /* assign1App.swift */; };
		98E1E03429CD112F00544543 /* ContentView.swift in Sources */ = {isa = PBXBuildFile; fileRef = 98E1E03329CD112F00544543 /* ContentView.swift */; };
		98E1E03629CD113100544543 /* Assets.xcassets in Resources */ = {isa = PBXBuildFile; fileRef = 98E1E03529CD113100544543 /* Assets.xcassets */; };
		98E1E03929CD113100544543 /* Preview Assets.xcassets in Resources */ = {isa = PBXBuildFile; fileRef = 98E1E03829CD113100544543 /* Preview Assets.xcassets */; };
		98E1E04329CD113200544543 /* assign1Tests.swift in Sources */ = {isa = PBXBuildFile; fileRef = 98E1E04229CD113200544543 /* assign1Tests.swift */; };
		98E1E04D29CD113200544543 /* assign1UITests.swift in Sources */ = {isa = PBXBuildFile; fileRef = 98E1E04C29CD113200544543 /* assign1UITests.swift */; };
		98E1E04F29CD113200544543 /* assign1UITestsLaunchTests.swift in Sources */ = {isa = PBXBuildFile; fileRef = 98E1E04E29CD113200544543 /* assign1UITestsLaunchTests.swift */; };
		98E1E05C29CD121000544543 /* model.swift in Sources */ = {isa = PBXBuildFile; fileRef = 98E1E05B29CD121000544543 /* model.swift */; };
/* End PBXBuildFile section */

/* Begin PBXContainerItemProxy section */
		98E1E03F29CD113200544543 /* PBXContainerItemProxy */ = {
			isa = PBXContainerItemProxy;
			containerPortal = 98E1E02629CD112F00544543 /* Project object */;
			proxyType = 1;
			remoteGlobalIDString = 98E1E02D29CD112F00544543;
			remoteInfo = assign1;
		};
		98E1E04929CD113200544543 /* PBXContainerItemProxy */ = {
			isa = PBXContainerItemProxy;
			containerPortal = 98E1E02629CD112F00544543 /* Project object */;
			proxyType = 1;
			remoteGlobalIDString = 98E1E02D29CD112F00544543;
			remoteInfo = assign1;
		};
/* End PBXContainerItemProxy section */

/* Begin PBXFileReference section */
		9807F5632A038BD700F3B53C /* Random.swift */ = {isa = PBXFileReference; lastKnownFileType = sourcecode.swift; path = Random.swift; sourceTree = "<group>"; };
		988E73F52A091CBB00052F8C /* Scores.swift */ = {isa = PBXFileReference; lastKnownFileType = sourcecode.swift; path = Scores.swift; sourceTree = "<group>"; };
		98960C812A0B19F800839B37 /* BoardView.swift */ = {isa = PBXFileReference; lastKnownFileType = sourcecode.swift; path = BoardView.swift; sourceTree = "<group>"; };
		98E1E02E29CD112F00544543 /* assign1.app */ = {isa = PBXFileReference; explicitFileType = wrapper.application; includeInIndex = 0; path = assign1.app; sourceTree = BUILT_PRODUCTS_DIR; };
		98E1E03129CD112F00544543 /* assign1App.swift */ = {isa = PBXFileReference; lastKnownFileType = sourcecode.swift; path = assign1App.swift; sourceTree = "<group>"; };
		98E1E03329CD112F00544543 /* ContentView.swift */ = {isa = PBXFileReference; lastKnownFileType = sourcecode.swift; path = ContentView.swift; sourceTree = "<group>"; };
		98E1E03529CD113100544543 /* Assets.xcassets */ = {isa = PBXFileReference; lastKnownFileType = folder.assetcatalog; path = Assets.xcassets; sourceTree = "<group>"; };
		98E1E03829CD113100544543 /* Preview Assets.xcassets */ = {isa = PBXFileReference; lastKnownFileType = folder.assetcatalog; path = "Preview Assets.xcassets"; sourceTree = "<group>"; };
		98E1E03E29CD113200544543 /* assign1Tests.xctest */ = {isa = PBXFileReference; explicitFileType = wrapper.cfbundle; includeInIndex = 0; path = assign1Tests.xctest; sourceTree = BUILT_PRODUCTS_DIR; };
		98E1E04229CD113200544543 /* assign1Tests.swift */ = {isa = PBXFileReference; lastKnownFileType = sourcecode.swift; path = assign1Tests.swift; sourceTree = "<group>"; };
		98E1E04829CD113200544543 /* assign1UITests.xctest */ = {isa = PBXFileReference; explicitFileType = wrapper.cfbundle; includeInIndex = 0; path = assign1UITests.xctest; sourceTree = BUILT_PRODUCTS_DIR; };
		98E1E04C29CD113200544543 /* assign1UITests.swift */ = {isa = PBXFileReference; lastKnownFileType = sourcecode.swift; path = assign1UITests.swift; sourceTree = "<group>"; };
		98E1E04E29CD113200544543 /* assign1UITestsLaunchTests.swift */ = {isa = PBXFileReference; lastKnownFileType = sourcecode.swift; path = assign1UITestsLaunchTests.swift; sourceTree = "<group>"; };
		98E1E05B29CD121000544543 /* model.swift */ = {isa = PBXFileReference; lastKnownFileType = sourcecode.swift; path = model.swift; sourceTree = "<group>"; };
/* End PBXFileReference section */

/* Begin PBXFrameworksBuildPhase section */
		98E1E02B29CD112F00544543 /* Frameworks */ = {
			isa = PBXFrameworksBuildPhase;
			buildActionMask = 2147483647;
			files = (
			);
			runOnlyForDeploymentPostprocessing = 0;
		};
		98E1E03B29CD113200544543 /* Frameworks */ = {
			isa = PBXFrameworksBuildPhase;
			buildActionMask = 2147483647;
			files = (
			);
			runOnlyForDeploymentPostprocessing = 0;
		};
		98E1E04529CD113200544543 /* Frameworks */ = {
			isa = PBXFrameworksBuildPhase;
			buildActionMask = 2147483647;
			files = (
			);
			runOnlyForDeploymentPostprocessing = 0;
		};
/* End PBXFrameworksBuildPhase section */

/* Begin PBXGroup section */
		98E1E02529CD112F00544543 = {
			isa = PBXGroup;
			children = (
				98E1E05B29CD121000544543 /* model.swift */,
				98E1E03029CD112F00544543 /* assign1 */,
				98E1E04129CD113200544543 /* assign1Tests */,
				98E1E04B29CD113200544543 /* assign1UITests */,
				98E1E02F29CD112F00544543 /* Products */,
			);
			sourceTree = "<group>";
		};
		98E1E02F29CD112F00544543 /* Products */ = {
			isa = PBXGroup;
			children = (
				98E1E02E29CD112F00544543 /* assign1.app */,
				98E1E03E29CD113200544543 /* assign1Tests.xctest */,
				98E1E04829CD113200544543 /* assign1UITests.xctest */,
			);
			name = Products;
			sourceTree = "<group>";
		};
		98E1E03029CD112F00544543 /* assign1 */ = {
			isa = PBXGroup;
			children = (
				98E1E03129CD112F00544543 /* assign1App.swift */,
				98E1E03329CD112F00544543 /* ContentView.swift */,
				98E1E03529CD113100544543 /* Assets.xcassets */,
				98E1E03729CD113100544543 /* Preview Content */,
				9807F5632A038BD700F3B53C /* Random.swift */,
				988E73F52A091CBB00052F8C /* Scores.swift */,
				98960C812A0B19F800839B37 /* BoardView.swift */,
			);
			path = assign1;
			sourceTree = "<group>";
		};
		98E1E03729CD113100544543 /* Preview Content */ = {
			isa = PBXGroup;
			children = (
				98E1E03829CD113100544543 /* Preview Assets.xcassets */,
			);
			path = "Preview Content";
			sourceTree = "<group>";
		};
		98E1E04129CD113200544543 /* assign1Tests */ = {
			isa = PBXGroup;
			children = (
				98E1E04229CD113200544543 /* assign1Tests.swift */,
			);
			path = assign1Tests;
			sourceTree = "<group>";
		};
		98E1E04B29CD113200544543 /* assign1UITests */ = {
			isa = PBXGroup;
			children = (
				98E1E04C29CD113200544543 /* assign1UITests.swift */,
				98E1E04E29CD113200544543 /* assign1UITestsLaunchTests.swift */,
			);
			path = assign1UITests;
			sourceTree = "<group>";
		};
/* End PBXGroup section */

/* Begin PBXNativeTarget section */
		98E1E02D29CD112F00544543 /* assign1 */ = {
			isa = PBXNativeTarget;
			buildConfigurationList = 98E1E05229CD113200544543 /* Build configuration list for PBXNativeTarget "assign1" */;
			buildPhases = (
				98E1E02A29CD112F00544543 /* Sources */,
				98E1E02B29CD112F00544543 /* Frameworks */,
				98E1E02C29CD112F00544543 /* Resources */,
			);
			buildRules = (
			);
			dependencies = (
			);
			name = assign1;
			productName = assign1;
			productReference = 98E1E02E29CD112F00544543 /* assign1.app */;
			productType = "com.apple.product-type.application";
		};
		98E1E03D29CD113200544543 /* assign1Tests */ = {
			isa = PBXNativeTarget;
			buildConfigurationList = 98E1E05529CD113200544543 /* Build configuration list for PBXNativeTarget "assign1Tests" */;
			buildPhases = (
				98E1E03A29CD113200544543 /* Sources */,
				98E1E03B29CD113200544543 /* Frameworks */,
				98E1E03C29CD113200544543 /* Resources */,
			);
			buildRules = (
			);
			dependencies = (
				98E1E04029CD113200544543 /* PBXTargetDependency */,
			);
			name = assign1Tests;
			productName = assign1Tests;
			productReference = 98E1E03E29CD113200544543 /* assign1Tests.xctest */;
			productType = "com.apple.product-type.bundle.unit-test";
		};
		98E1E04729CD113200544543 /* assign1UITests */ = {
			isa = PBXNativeTarget;
			buildConfigurationList = 98E1E05829CD113200544543 /* Build configuration list for PBXNativeTarget "assign1UITests" */;
			buildPhases = (
				98E1E04429CD113200544543 /* Sources */,
				98E1E04529CD113200544543 /* Frameworks */,
				98E1E04629CD113200544543 /* Resources */,
			);
			buildRules = (
			);
			dependencies = (
				98E1E04A29CD113200544543 /* PBXTargetDependency */,
			);
			name = assign1UITests;
			productName = assign1UITests;
			productReference = 98E1E04829CD113200544543 /* assign1UITests.xctest */;
			productType = "com.apple.product-type.bundle.ui-testing";
		};
/* End PBXNativeTarget section */

/* Begin PBXProject section */
		98E1E02629CD112F00544543 /* Project object */ = {
			isa = PBXProject;
			attributes = {
				BuildIndependentTargetsInParallel = 1;
				LastSwiftUpdateCheck = 1420;
				LastUpgradeCheck = 1420;
				TargetAttributes = {
					98E1E02D29CD112F00544543 = {
						CreatedOnToolsVersion = 14.2;
					};
					98E1E03D29CD113200544543 = {
						CreatedOnToolsVersion = 14.2;
						TestTargetID = 98E1E02D29CD112F00544543;
					};
					98E1E04729CD113200544543 = {
						CreatedOnToolsVersion = 14.2;
						TestTargetID = 98E1E02D29CD112F00544543;
					};
				};
			};
			buildConfigurationList = 98E1E02929CD112F00544543 /* Build configuration list for PBXProject "assign1" */;
			compatibilityVersion = "Xcode 14.0";
			developmentRegion = en;
			hasScannedForEncodings = 0;
			knownRegions = (
				en,
				Base,
			);
			mainGroup = 98E1E02529CD112F00544543;
			productRefGroup = 98E1E02F29CD112F00544543 /* Products */;
			projectDirPath = "";
			projectRoot = "";
			targets = (
				98E1E02D29CD112F00544543 /* assign1 */,
				98E1E03D29CD113200544543 /* assign1Tests */,
				98E1E04729CD113200544543 /* assign1UITests */,
			);
		};
/* End PBXProject section */

/* Begin PBXResourcesBuildPhase section */
		98E1E02C29CD112F00544543 /* Resources */ = {
			isa = PBXResourcesBuildPhase;
			buildActionMask = 2147483647;
			files = (
				98E1E03929CD113100544543 /* Preview Assets.xcassets in Resources */,
				98E1E03629CD113100544543 /* Assets.xcassets in Resources */,
			);
			runOnlyForDeploymentPostprocessing = 0;
		};
		98E1E03C29CD113200544543 /* Resources */ = {
			isa = PBXResourcesBuildPhase;
			buildActionMask = 2147483647;
			files = (
			);
			runOnlyForDeploymentPostprocessing = 0;
		};
		98E1E04629CD113200544543 /* Resources */ = {
			isa = PBXResourcesBuildPhase;
			buildActionMask = 2147483647;
			files = (
			);
			runOnlyForDeploymentPostprocessing = 0;
		};
/* End PBXResourcesBuildPhase section */

/* Begin PBXSourcesBuildPhase section */
		98E1E02A29CD112F00544543 /* Sources */ = {
			isa = PBXSourcesBuildPhase;
			buildActionMask = 2147483647;
			files = (
				9807F5642A038BD700F3B53C /* Random.swift in Sources */,
				98E1E03429CD112F00544543 /* ContentView.swift in Sources */,
				988E73F62A091CBB00052F8C /* Scores.swift in Sources */,
				98960C822A0B19F800839B37 /* BoardView.swift in Sources */,
				98E1E05C29CD121000544543 /* model.swift in Sources */,
				98E1E03229CD112F00544543 /* assign1App.swift in Sources */,
			);
			runOnlyForDeploymentPostprocessing = 0;
		};
		98E1E03A29CD113200544543 /* Sources */ = {
			isa = PBXSourcesBuildPhase;
			buildActionMask = 2147483647;
			files = (
				98E1E04329CD113200544543 /* assign1Tests.swift in Sources */,
			);
			runOnlyForDeploymentPostprocessing = 0;
		};
		98E1E04429CD113200544543 /* Sources */ = {
			isa = PBXSourcesBuildPhase;
			buildActionMask = 2147483647;
			files = (
				98E1E04D29CD113200544543 /* assign1UITests.swift in Sources */,
				98E1E04F29CD113200544543 /* assign1UITestsLaunchTests.swift in Sources */,
			);
			runOnlyForDeploymentPostprocessing = 0;
		};
/* End PBXSourcesBuildPhase section */

/* Begin PBXTargetDependency section */
		98E1E04029CD113200544543 /* PBXTargetDependency */ = {
			isa = PBXTargetDependency;
			target = 98E1E02D29CD112F00544543 /* assign1 */;
			targetProxy = 98E1E03F29CD113200544543 /* PBXContainerItemProxy */;
		};
		98E1E04A29CD113200544543 /* PBXTargetDependency */ = {
			isa = PBXTargetDependency;
			target = 98E1E02D29CD112F00544543 /* assign1 */;
			targetProxy = 98E1E04929CD113200544543 /* PBXContainerItemProxy */;
		};
/* End PBXTargetDependency section */

/* Begin XCBuildConfiguration section */
		98E1E05029CD113200544543 /* Debug */ = {
			isa = XCBuildConfiguration;
			buildSettings = {
				ALWAYS_SEARCH_USER_PATHS = NO;
				CLANG_ANALYZER_NONNULL = YES;
				CLANG_ANALYZER_NUMBER_OBJECT_CONVERSION = YES_AGGRESSIVE;
				CLANG_CXX_LANGUAGE_STANDARD = "gnu++20";
				CLANG_ENABLE_MODULES = YES;
				CLANG_ENABLE_OBJC_ARC = YES;
				CLANG_ENABLE_OBJC_WEAK = YES;
				CLANG_WARN_BLOCK_CAPTURE_AUTORELEASING = YES;
				CLANG_WARN_BOOL_CONVERSION = YES;
				CLANG_WARN_COMMA = YES;
				CLANG_WARN_CONSTANT_CONVERSION = YES;
				CLANG_WARN_DEPRECATED_OBJC_IMPLEMENTATIONS = YES;
				CLANG_WARN_DIRECT_OBJC_ISA_USAGE = YES_ERROR;
				CLANG_WARN_DOCUMENTATION_COMMENTS = YES;
				CLANG_WARN_EMPTY_BODY = YES;
				CLANG_WARN_ENUM_CONVERSION = YES;
				CLANG_WARN_INFINITE_RECURSION = YES;
				CLANG_WARN_INT_CONVERSION = YES;
				CLANG_WARN_NON_LITERAL_NULL_CONVERSION = YES;
				CLANG_WARN_OBJC_IMPLICIT_RETAIN_SELF = YES;
				CLANG_WARN_OBJC_LITERAL_CONVERSION = YES;
				CLANG_WARN_OBJC_ROOT_CLASS = YES_ERROR;
				CLANG_WARN_QUOTED_INCLUDE_IN_FRAMEWORK_HEADER = YES;
				CLANG_WARN_RANGE_LOOP_ANALYSIS = YES;
				CLANG_WARN_STRICT_PROTOTYPES = YES;
				CLANG_WARN_SUSPICIOUS_MOVE = YES;
				CLANG_WARN_UNGUARDED_AVAILABILITY = YES_AGGRESSIVE;
				CLANG_WARN_UNREACHABLE_CODE = YES;
				CLANG_WARN__DUPLICATE_METHOD_MATCH = YES;
				COPY_PHASE_STRIP = NO;
				DEBUG_INFORMATION_FORMAT = dwarf;
				ENABLE_STRICT_OBJC_MSGSEND = YES;
				ENABLE_TESTABILITY = YES;
				GCC_C_LANGUAGE_STANDARD = gnu11;
				GCC_DYNAMIC_NO_PIC = NO;
				GCC_NO_COMMON_BLOCKS = YES;
				GCC_OPTIMIZATION_LEVEL = 0;
				GCC_PREPROCESSOR_DEFINITIONS = (
					"DEBUG=1",
					"$(inherited)",
				);
				GCC_WARN_64_TO_32_BIT_CONVERSION = YES;
				GCC_WARN_ABOUT_RETURN_TYPE = YES_ERROR;
				GCC_WARN_UNDECLARED_SELECTOR = YES;
				GCC_WARN_UNINITIALIZED_AUTOS = YES_AGGRESSIVE;
				GCC_WARN_UNUSED_FUNCTION = YES;
				GCC_WARN_UNUSED_VARIABLE = YES;
				IPHONEOS_DEPLOYMENT_TARGET = 16.2;
				MTL_ENABLE_DEBUG_INFO = INCLUDE_SOURCE;
				MTL_FAST_MATH = YES;
				ONLY_ACTIVE_ARCH = YES;
				SDKROOT = iphoneos;
				SWIFT_ACTIVE_COMPILATION_CONDITIONS = DEBUG;
				SWIFT_OPTIMIZATION_LEVEL = "-Onone";
			};
			name = Debug;
		};
		98E1E05129CD113200544543 /* Release */ = {
			isa = XCBuildConfiguration;
			buildSettings = {
				ALWAYS_SEARCH_USER_PATHS = NO;
				CLANG_ANALYZER_NONNULL = YES;
				CLANG_ANALYZER_NUMBER_OBJECT_CONVERSION = YES_AGGRESSIVE;
				CLANG_CXX_LANGUAGE_STANDARD = "gnu++20";
				CLANG_ENABLE_MODULES = YES;
				CLANG_ENABLE_OBJC_ARC = YES;
				CLANG_ENABLE_OBJC_WEAK = YES;
				CLANG_WARN_BLOCK_CAPTURE_AUTORELEASING = YES;
				CLANG_WARN_BOOL_CONVERSION = YES;
				CLANG_WARN_COMMA = YES;
				CLANG_WARN_CONSTANT_CONVERSION = YES;
				CLANG_WARN_DEPRECATED_OBJC_IMPLEMENTATIONS = YES;
				CLANG_WARN_DIRECT_OBJC_ISA_USAGE = YES_ERROR;
				CLANG_WARN_DOCUMENTATION_COMMENTS = YES;
				CLANG_WARN_EMPTY_BODY = YES;
				CLANG_WARN_ENUM_CONVERSION = YES;
				CLANG_WARN_INFINITE_RECURSION = YES;
				CLANG_WARN_INT_CONVERSION = YES;
				CLANG_WARN_NON_LITERAL_NULL_CONVERSION = YES;
				CLANG_WARN_OBJC_IMPLICIT_RETAIN_SELF = YES;
				CLANG_WARN_OBJC_LITERAL_CONVERSION = YES;
				CLANG_WARN_OBJC_ROOT_CLASS = YES_ERROR;
				CLANG_WARN_QUOTED_INCLUDE_IN_FRAMEWORK_HEADER = YES;
				CLANG_WARN_RANGE_LOOP_ANALYSIS = YES;
				CLANG_WARN_STRICT_PROTOTYPES = YES;
				CLANG_WARN_SUSPICIOUS_MOVE = YES;
				CLANG_WARN_UNGUARDED_AVAILABILITY = YES_AGGRESSIVE;
				CLANG_WARN_UNREACHABLE_CODE = YES;
				CLANG_WARN__DUPLICATE_METHOD_MATCH = YES;
				COPY_PHASE_STRIP = NO;
				DEBUG_INFORMATION_FORMAT = "dwarf-with-dsym";
				ENABLE_NS_ASSERTIONS = NO;
				ENABLE_STRICT_OBJC_MSGSEND = YES;
				GCC_C_LANGUAGE_STANDARD = gnu11;
				GCC_NO_COMMON_BLOCKS = YES;
				GCC_WARN_64_TO_32_BIT_CONVERSION = YES;
				GCC_WARN_ABOUT_RETURN_TYPE = YES_ERROR;
				GCC_WARN_UNDECLARED_SELECTOR = YES;
				GCC_WARN_UNINITIALIZED_AUTOS = YES_AGGRESSIVE;
				GCC_WARN_UNUSED_FUNCTION = YES;
				GCC_WARN_UNUSED_VARIABLE = YES;
				IPHONEOS_DEPLOYMENT_TARGET = 16.2;
				MTL_ENABLE_DEBUG_INFO = NO;
				MTL_FAST_MATH = YES;
				SDKROOT = iphoneos;
				SWIFT_COMPILATION_MODE = wholemodule;
				SWIFT_OPTIMIZATION_LEVEL = "-O";
				VALIDATE_PRODUCT = YES;
			};
			name = Release;
		};
		98E1E05329CD113200544543 /* Debug */ = {
			isa = XCBuildConfiguration;
			buildSettings = {
				ASSETCATALOG_COMPILER_APPICON_NAME = AppIcon;
				ASSETCATALOG_COMPILER_GLOBAL_ACCENT_COLOR_NAME = AccentColor;
				CODE_SIGN_STYLE = Automatic;
				CURRENT_PROJECT_VERSION = 1;
				DEVELOPMENT_ASSET_PATHS = "\"assign1/Preview Content\"";
				DEVELOPMENT_TEAM = 4ASFD9NA22;
				ENABLE_PREVIEWS = YES;
				GENERATE_INFOPLIST_FILE = YES;
				INFOPLIST_KEY_UIApplicationSceneManifest_Generation = YES;
				INFOPLIST_KEY_UIApplicationSupportsIndirectInputEvents = YES;
				INFOPLIST_KEY_UILaunchScreen_Generation = YES;
				INFOPLIST_KEY_UISupportedInterfaceOrientations_iPad = "UIInterfaceOrientationPortrait UIInterfaceOrientationPortraitUpsideDown UIInterfaceOrientationLandscapeLeft UIInterfaceOrientationLandscapeRight";
				INFOPLIST_KEY_UISupportedInterfaceOrientations_iPhone = "UIInterfaceOrientationPortrait UIInterfaceOrientationLandscapeLeft UIInterfaceOrientationLandscapeRight";
				LD_RUNPATH_SEARCH_PATHS = (
					"$(inherited)",
					"@executable_path/Frameworks",
				);
				MARKETING_VERSION = 1.0;
				PRODUCT_BUNDLE_IDENTIFIER = nathanb.assign1;
				PRODUCT_NAME = "$(TARGET_NAME)";
				SWIFT_EMIT_LOC_STRINGS = YES;
				SWIFT_VERSION = 5.0;
				TARGETED_DEVICE_FAMILY = "1,2";
			};
			name = Debug;
		};
		98E1E05429CD113200544543 /* Release */ = {
			isa = XCBuildConfiguration;
			buildSettings = {
				ASSETCATALOG_COMPILER_APPICON_NAME = AppIcon;
				ASSETCATALOG_COMPILER_GLOBAL_ACCENT_COLOR_NAME = AccentColor;
				CODE_SIGN_STYLE = Automatic;
				CURRENT_PROJECT_VERSION = 1;
				DEVELOPMENT_ASSET_PATHS = "\"assign1/Preview Content\"";
				DEVELOPMENT_TEAM = 4ASFD9NA22;
				ENABLE_PREVIEWS = YES;
				GENERATE_INFOPLIST_FILE = YES;
				INFOPLIST_KEY_UIApplicationSceneManifest_Generation = YES;
				INFOPLIST_KEY_UIApplicationSupportsIndirectInputEvents = YES;
				INFOPLIST_KEY_UILaunchScreen_Generation = YES;
				INFOPLIST_KEY_UISupportedInterfaceOrientations_iPad = "UIInterfaceOrientationPortrait UIInterfaceOrientationPortraitUpsideDown UIInterfaceOrientationLandscapeLeft UIInterfaceOrientationLandscapeRight";
				INFOPLIST_KEY_UISupportedInterfaceOrientations_iPhone = "UIInterfaceOrientationPortrait UIInterfaceOrientationLandscapeLeft UIInterfaceOrientationLandscapeRight";
				LD_RUNPATH_SEARCH_PATHS = (
					"$(inherited)",
					"@executable_path/Frameworks",
				);
				MARKETING_VERSION = 1.0;
				PRODUCT_BUNDLE_IDENTIFIER = nathanb.assign1;
				PRODUCT_NAME = "$(TARGET_NAME)";
				SWIFT_EMIT_LOC_STRINGS = YES;
				SWIFT_VERSION = 5.0;
				TARGETED_DEVICE_FAMILY = "1,2";
			};
			name = Release;
		};
		98E1E05629CD113200544543 /* Debug */ = {
			isa = XCBuildConfiguration;
			buildSettings = {
				ALWAYS_EMBED_SWIFT_STANDARD_LIBRARIES = YES;
				BUNDLE_LOADER = "$(TEST_HOST)";
				CODE_SIGN_STYLE = Automatic;
				CURRENT_PROJECT_VERSION = 1;
				GENERATE_INFOPLIST_FILE = YES;
				IPHONEOS_DEPLOYMENT_TARGET = 16.2;
				MARKETING_VERSION = 1.0;
				PRODUCT_BUNDLE_IDENTIFIER = nathanb.assign1Tests;
				PRODUCT_NAME = "$(TARGET_NAME)";
				SWIFT_EMIT_LOC_STRINGS = NO;
				SWIFT_VERSION = 5.0;
				TARGETED_DEVICE_FAMILY = "1,2";
				TEST_HOST = "$(BUILT_PRODUCTS_DIR)/assign1.app/$(BUNDLE_EXECUTABLE_FOLDER_PATH)/assign1";
			};
			name = Debug;
		};
		98E1E05729CD113200544543 /* Release */ = {
			isa = XCBuildConfiguration;
			buildSettings = {
				ALWAYS_EMBED_SWIFT_STANDARD_LIBRARIES = YES;
				BUNDLE_LOADER = "$(TEST_HOST)";
				CODE_SIGN_STYLE = Automatic;
				CURRENT_PROJECT_VERSION = 1;
				GENERATE_INFOPLIST_FILE = YES;
				IPHONEOS_DEPLOYMENT_TARGET = 16.2;
				MARKETING_VERSION = 1.0;
				PRODUCT_BUNDLE_IDENTIFIER = nathanb.assign1Tests;
				PRODUCT_NAME = "$(TARGET_NAME)";
				SWIFT_EMIT_LOC_STRINGS = NO;
				SWIFT_VERSION = 5.0;
				TARGETED_DEVICE_FAMILY = "1,2";
				TEST_HOST = "$(BUILT_PRODUCTS_DIR)/assign1.app/$(BUNDLE_EXECUTABLE_FOLDER_PATH)/assign1";
			};
			name = Release;
		};
		98E1E05929CD113200544543 /* Debug */ = {
			isa = XCBuildConfiguration;
			buildSettings = {
				ALWAYS_EMBED_SWIFT_STANDARD_LIBRARIES = YES;
				CODE_SIGN_STYLE = Automatic;
				CURRENT_PROJECT_VERSION = 1;
				GENERATE_INFOPLIST_FILE = YES;
				MARKETING_VERSION = 1.0;
				PRODUCT_BUNDLE_IDENTIFIER = nathanb.assign1UITests;
				PRODUCT_NAME = "$(TARGET_NAME)";
				SWIFT_EMIT_LOC_STRINGS = NO;
				SWIFT_VERSION = 5.0;
				TARGETED_DEVICE_FAMILY = "1,2";
				TEST_TARGET_NAME = assign1;
			};
			name = Debug;
		};
		98E1E05A29CD113200544543 /* Release */ = {
			isa = XCBuildConfiguration;
			buildSettings = {
				ALWAYS_EMBED_SWIFT_STANDARD_LIBRARIES = YES;
				CODE_SIGN_STYLE = Automatic;
				CURRENT_PROJECT_VERSION = 1;
				GENERATE_INFOPLIST_FILE = YES;
				MARKETING_VERSION = 1.0;
				PRODUCT_BUNDLE_IDENTIFIER = nathanb.assign1UITests;
				PRODUCT_NAME = "$(TARGET_NAME)";
				SWIFT_EMIT_LOC_STRINGS = NO;
				SWIFT_VERSION = 5.0;
				TARGETED_DEVICE_FAMILY = "1,2";
				TEST_TARGET_NAME = assign1;
			};
			name = Release;
		};
/* End XCBuildConfiguration section */

/* Begin XCConfigurationList section */
		98E1E02929CD112F00544543 /* Build configuration list for PBXProject "assign1" */ = {
			isa = XCConfigurationList;
			buildConfigurations = (
				98E1E05029CD113200544543 /* Debug */,
				98E1E05129CD113200544543 /* Release */,
			);
			defaultConfigurationIsVisible = 0;
			defaultConfigurationName = Release;
		};
		98E1E05229CD113200544543 /* Build configuration list for PBXNativeTarget "assign1" */ = {
			isa = XCConfigurationList;
			buildConfigurations = (
				98E1E05329CD113200544543 /* Debug */,
				98E1E05429CD113200544543 /* Release */,
			);
			defaultConfigurationIsVisible = 0;
			defaultConfigurationName = Release;
		};
		98E1E05529CD113200544543 /* Build configuration list for PBXNativeTarget "assign1Tests" */ = {
			isa = XCConfigurationList;
			buildConfigurations = (
				98E1E05629CD113200544543 /* Debug */,
				98E1E05729CD113200544543 /* Release */,
			);
			defaultConfigurationIsVisible = 0;
			defaultConfigurationName = Release;
		};
		98E1E05829CD113200544543 /* Build configuration list for PBXNativeTarget "assign1UITests" */ = {
			isa = XCConfigurationList;
			buildConfigurations = (
				98E1E05929CD113200544543 /* Debug */,
				98E1E05A29CD113200544543 /* Release */,
			);
			defaultConfigurationIsVisible = 0;
			defaultConfigurationName = Release;
		};
/* End XCConfigurationList section */
	};
	rootObject = 98E1E02629CD112F00544543 /* Project object */;
}
